// !$*UTF8*$!
{
	archiveVersion = 1;
	classes = {
	};
	objectVersion = 56;
	objects = {

/* Begin PBXBuildFile section */
		A195F7BD2C07634B00365DDA /* AppDelegate.swift in Sources */ = {isa = PBXBuildFile; fileRef = A195F7BC2C07634B00365DDA /* AppDelegate.swift */; };
		A195F7BF2C07634B00365DDA /* SceneDelegate.swift in Sources */ = {isa = PBXBuildFile; fileRef = A195F7BE2C07634B00365DDA /* SceneDelegate.swift */; };
		A195F7C12C07634B00365DDA /* ListViewController.swift in Sources */ = {isa = PBXBuildFile; fileRef = A195F7C02C07634B00365DDA /* ListViewController.swift */; };
		A195F7C42C07634B00365DDA /* Main.storyboard in Resources */ = {isa = PBXBuildFile; fileRef = A195F7C22C07634B00365DDA /* Main.storyboard */; };
		A195F7C62C07634C00365DDA /* Assets.xcassets in Resources */ = {isa = PBXBuildFile; fileRef = A195F7C52C07634C00365DDA /* Assets.xcassets */; };
		A195F7C92C07634C00365DDA /* LaunchScreen.storyboard in Resources */ = {isa = PBXBuildFile; fileRef = A195F7C72C07634C00365DDA /* LaunchScreen.storyboard */; };
		A195F7D42C07634C00365DDA /* DemoAppTests.swift in Sources */ = {isa = PBXBuildFile; fileRef = A195F7D32C07634C00365DDA /* DemoAppTests.swift */; };
		A195F7DE2C07634C00365DDA /* DemoAppUITests.swift in Sources */ = {isa = PBXBuildFile; fileRef = A195F7DD2C07634C00365DDA /* DemoAppUITests.swift */; };
		A195F7E02C07634C00365DDA /* DemoAppUITestsLaunchTests.swift in Sources */ = {isa = PBXBuildFile; fileRef = A195F7DF2C07634C00365DDA /* DemoAppUITestsLaunchTests.swift */; };
		A195F7ED2C07658A00365DDA /* DetailViewController.swift in Sources */ = {isa = PBXBuildFile; fileRef = A195F7EC2C07658A00365DDA /* DetailViewController.swift */; };
		A195F7EF2C0765B300365DDA /* ListTableViewCell.swift in Sources */ = {isa = PBXBuildFile; fileRef = A195F7EE2C0765B300365DDA /* ListTableViewCell.swift */; };
/* End PBXBuildFile section */

/* Begin PBXContainerItemProxy section */
		A195F7D02C07634C00365DDA /* PBXContainerItemProxy */ = {
			isa = PBXContainerItemProxy;
			containerPortal = A195F7B12C07634A00365DDA /* Project object */;
			proxyType = 1;
			remoteGlobalIDString = A195F7B82C07634A00365DDA;
			remoteInfo = DemoApp;
		};
		A195F7DA2C07634C00365DDA /* PBXContainerItemProxy */ = {
			isa = PBXContainerItemProxy;
			containerPortal = A195F7B12C07634A00365DDA /* Project object */;
			proxyType = 1;
			remoteGlobalIDString = A195F7B82C07634A00365DDA;
			remoteInfo = DemoApp;
		};
/* End PBXContainerItemProxy section */

/* Begin PBXFileReference section */
		A195F7B92C07634B00365DDA /* DemoApp.app */ = {isa = PBXFileReference; explicitFileType = wrapper.application; includeInIndex = 0; path = DemoApp.app; sourceTree = BUILT_PRODUCTS_DIR; };
		A195F7BC2C07634B00365DDA /* AppDelegate.swift */ = {isa = PBXFileReference; lastKnownFileType = sourcecode.swift; path = AppDelegate.swift; sourceTree = "<group>"; };
		A195F7BE2C07634B00365DDA /* SceneDelegate.swift */ = {isa = PBXFileReference; lastKnownFileType = sourcecode.swift; path = SceneDelegate.swift; sourceTree = "<group>"; };
		A195F7C02C07634B00365DDA /* ListViewController.swift */ = {isa = PBXFileReference; lastKnownFileType = sourcecode.swift; path = ListViewController.swift; sourceTree = "<group>"; };
		A195F7C32C07634B00365DDA /* Base */ = {isa = PBXFileReference; lastKnownFileType = file.storyboard; name = Base; path = Base.lproj/Main.storyboard; sourceTree = "<group>"; };
		A195F7C52C07634C00365DDA /* Assets.xcassets */ = {isa = PBXFileReference; lastKnownFileType = folder.assetcatalog; path = Assets.xcassets; sourceTree = "<group>"; };
		A195F7C82C07634C00365DDA /* Base */ = {isa = PBXFileReference; lastKnownFileType = file.storyboard; name = Base; path = Base.lproj/LaunchScreen.storyboard; sourceTree = "<group>"; };
		A195F7CA2C07634C00365DDA /* Info.plist */ = {isa = PBXFileReference; lastKnownFileType = text.plist.xml; path = Info.plist; sourceTree = "<group>"; };
		A195F7CF2C07634C00365DDA /* DemoAppTests.xctest */ = {isa = PBXFileReference; explicitFileType = wrapper.cfbundle; includeInIndex = 0; path = DemoAppTests.xctest; sourceTree = BUILT_PRODUCTS_DIR; };
		A195F7D32C07634C00365DDA /* DemoAppTests.swift */ = {isa = PBXFileReference; lastKnownFileType = sourcecode.swift; path = DemoAppTests.swift; sourceTree = "<group>"; };
		A195F7D92C07634C00365DDA /* DemoAppUITests.xctest */ = {isa = PBXFileReference; explicitFileType = wrapper.cfbundle; includeInIndex = 0; path = DemoAppUITests.xctest; sourceTree = BUILT_PRODUCTS_DIR; };
		A195F7DD2C07634C00365DDA /* DemoAppUITests.swift */ = {isa = PBXFileReference; lastKnownFileType = sourcecode.swift; path = DemoAppUITests.swift; sourceTree = "<group>"; };
		A195F7DF2C07634C00365DDA /* DemoAppUITestsLaunchTests.swift */ = {isa = PBXFileReference; lastKnownFileType = sourcecode.swift; path = DemoAppUITestsLaunchTests.swift; sourceTree = "<group>"; };
		A195F7EC2C07658A00365DDA /* DetailViewController.swift */ = {isa = PBXFileReference; lastKnownFileType = sourcecode.swift; path = DetailViewController.swift; sourceTree = "<group>"; };
		A195F7EE2C0765B300365DDA /* ListTableViewCell.swift */ = {isa = PBXFileReference; lastKnownFileType = sourcecode.swift; path = ListTableViewCell.swift; sourceTree = "<group>"; };
/* End PBXFileReference section */

/* Begin PBXFrameworksBuildPhase section */
		A195F7B62C07634A00365DDA /* Frameworks */ = {
			isa = PBXFrameworksBuildPhase;
			buildActionMask = 2147483647;
			files = (
			);
			runOnlyForDeploymentPostprocessing = 0;
		};
		A195F7CC2C07634C00365DDA /* Frameworks */ = {
			isa = PBXFrameworksBuildPhase;
			buildActionMask = 2147483647;
			files = (
			);
			runOnlyForDeploymentPostprocessing = 0;
		};
		A195F7D62C07634C00365DDA /* Frameworks */ = {
			isa = PBXFrameworksBuildPhase;
			buildActionMask = 2147483647;
			files = (
			);
			runOnlyForDeploymentPostprocessing = 0;
		};
/* End PBXFrameworksBuildPhase section */

/* Begin PBXGroup section */
		A195F7B02C07634A00365DDA = {
			isa = PBXGroup;
			children = (
				A195F7BB2C07634B00365DDA /* DemoApp */,
				A195F7D22C07634C00365DDA /* DemoAppTests */,
				A195F7DC2C07634C00365DDA /* DemoAppUITests */,
				A195F7BA2C07634B00365DDA /* Products */,
			);
			sourceTree = "<group>";
		};
		A195F7BA2C07634B00365DDA /* Products */ = {
			isa = PBXGroup;
			children = (
				A195F7B92C07634B00365DDA /* DemoApp.app */,
				A195F7CF2C07634C00365DDA /* DemoAppTests.xctest */,
				A195F7D92C07634C00365DDA /* DemoAppUITests.xctest */,
			);
			name = Products;
			sourceTree = "<group>";
		};
		A195F7BB2C07634B00365DDA /* DemoApp */ = {
			isa = PBXGroup;
			children = (
				A195F7BC2C07634B00365DDA /* AppDelegate.swift */,
				A195F7BE2C07634B00365DDA /* SceneDelegate.swift */,
				A195F7C02C07634B00365DDA /* ListViewController.swift */,
				A195F7EE2C0765B300365DDA /* ListTableViewCell.swift */,
				A195F7EC2C07658A00365DDA /* DetailViewController.swift */,
				A195F7C22C07634B00365DDA /* Main.storyboard */,
				A195F7C52C07634C00365DDA /* Assets.xcassets */,
				A195F7C72C07634C00365DDA /* LaunchScreen.storyboard */,
				A195F7CA2C07634C00365DDA /* Info.plist */,
			);
			path = DemoApp;
			sourceTree = "<group>";
		};
		A195F7D22C07634C00365DDA /* DemoAppTests */ = {
			isa = PBXGroup;
			children = (
				A195F7D32C07634C00365DDA /* DemoAppTests.swift */,
			);
			path = DemoAppTests;
			sourceTree = "<group>";
		};
		A195F7DC2C07634C00365DDA /* DemoAppUITests */ = {
			isa = PBXGroup;
			children = (
				A195F7DD2C07634C00365DDA /* DemoAppUITests.swift */,
				A195F7DF2C07634C00365DDA /* DemoAppUITestsLaunchTests.swift */,
			);
			path = DemoAppUITests;
			sourceTree = "<group>";
		};
/* End PBXGroup section */

/* Begin PBXNativeTarget section */
		A195F7B82C07634A00365DDA /* DemoApp */ = {
			isa = PBXNativeTarget;
			buildConfigurationList = A195F7E32C07634C00365DDA /* Build configuration list for PBXNativeTarget "DemoApp" */;
			buildPhases = (
				A195F7B52C07634A00365DDA /* Sources */,
				A195F7B62C07634A00365DDA /* Frameworks */,
				A195F7B72C07634A00365DDA /* Resources */,
			);
			buildRules = (
			);
			dependencies = (
			);
			name = DemoApp;
			productName = DemoApp;
			productReference = A195F7B92C07634B00365DDA /* DemoApp.app */;
			productType = "com.apple.product-type.application";
		};
		A195F7CE2C07634C00365DDA /* DemoAppTests */ = {
			isa = PBXNativeTarget;
			buildConfigurationList = A195F7E62C07634C00365DDA /* Build configuration list for PBXNativeTarget "DemoAppTests" */;
			buildPhases = (
				A195F7CB2C07634C00365DDA /* Sources */,
				A195F7CC2C07634C00365DDA /* Frameworks */,
				A195F7CD2C07634C00365DDA /* Resources */,
			);
			buildRules = (
			);
			dependencies = (
				A195F7D12C07634C00365DDA /* PBXTargetDependency */,
			);
			name = DemoAppTests;
			productName = DemoAppTests;
			productReference = A195F7CF2C07634C00365DDA /* DemoAppTests.xctest */;
			productType = "com.apple.product-type.bundle.unit-test";
		};
		A195F7D82C07634C00365DDA /* DemoAppUITests */ = {
			isa = PBXNativeTarget;
			buildConfigurationList = A195F7E92C07634C00365DDA /* Build configuration list for PBXNativeTarget "DemoAppUITests" */;
			buildPhases = (
				A195F7D52C07634C00365DDA /* Sources */,
				A195F7D62C07634C00365DDA /* Frameworks */,
				A195F7D72C07634C00365DDA /* Resources */,
			);
			buildRules = (
			);
			dependencies = (
				A195F7DB2C07634C00365DDA /* PBXTargetDependency */,
			);
			name = DemoAppUITests;
			productName = DemoAppUITests;
			productReference = A195F7D92C07634C00365DDA /* DemoAppUITests.xctest */;
			productType = "com.apple.product-type.bundle.ui-testing";
		};
/* End PBXNativeTarget section */

/* Begin PBXProject section */
		A195F7B12C07634A00365DDA /* Project object */ = {
			isa = PBXProject;
			attributes = {
				BuildIndependentTargetsInParallel = 1;
				LastSwiftUpdateCheck = 1500;
				LastUpgradeCheck = 1500;
				TargetAttributes = {
					A195F7B82C07634A00365DDA = {
						CreatedOnToolsVersion = 15.0.1;
					};
					A195F7CE2C07634C00365DDA = {
						CreatedOnToolsVersion = 15.0.1;
						TestTargetID = A195F7B82C07634A00365DDA;
					};
					A195F7D82C07634C00365DDA = {
						CreatedOnToolsVersion = 15.0.1;
						TestTargetID = A195F7B82C07634A00365DDA;
					};
				};
			};
			buildConfigurationList = A195F7B42C07634A00365DDA /* Build configuration list for PBXProject "DemoApp" */;
			compatibilityVersion = "Xcode 14.0";
			developmentRegion = en;
			hasScannedForEncodings = 0;
			knownRegions = (
				en,
				Base,
			);
			mainGroup = A195F7B02C07634A00365DDA;
			productRefGroup = A195F7BA2C07634B00365DDA /* Products */;
			projectDirPath = "";
			projectRoot = "";
			targets = (
				A195F7B82C07634A00365DDA /* DemoApp */,
				A195F7CE2C07634C00365DDA /* DemoAppTests */,
				A195F7D82C07634C00365DDA /* DemoAppUITests */,
			);
		};
/* End PBXProject section */

/* Begin PBXResourcesBuildPhase section */
		A195F7B72C07634A00365DDA /* Resources */ = {
			isa = PBXResourcesBuildPhase;
			buildActionMask = 2147483647;
			files = (
				A195F7C92C07634C00365DDA /* LaunchScreen.storyboard in Resources */,
				A195F7C62C07634C00365DDA /* Assets.xcassets in Resources */,
				A195F7C42C07634B00365DDA /* Main.storyboard in Resources */,
			);
			runOnlyForDeploymentPostprocessing = 0;
		};
		A195F7CD2C07634C00365DDA /* Resources */ = {
			isa = PBXResourcesBuildPhase;
			buildActionMask = 2147483647;
			files = (
			);
			runOnlyForDeploymentPostprocessing = 0;
		};
		A195F7D72C07634C00365DDA /* Resources */ = {
			isa = PBXResourcesBuildPhase;
			buildActionMask = 2147483647;
			files = (
			);
			runOnlyForDeploymentPostprocessing = 0;
		};
/* End PBXResourcesBuildPhase section */

/* Begin PBXSourcesBuildPhase section */
		A195F7B52C07634A00365DDA /* Sources */ = {
			isa = PBXSourcesBuildPhase;
			buildActionMask = 2147483647;
			files = (
				A195F7C12C07634B00365DDA /* ListViewController.swift in Sources */,
				A195F7BD2C07634B00365DDA /* AppDelegate.swift in Sources */,
				A195F7BF2C07634B00365DDA /* SceneDelegate.swift in Sources */,
				A195F7ED2C07658A00365DDA /* DetailViewController.swift in Sources */,
				A195F7EF2C0765B300365DDA /* ListTableViewCell.swift in Sources */,
			);
			runOnlyForDeploymentPostprocessing = 0;
		};
		A195F7CB2C07634C00365DDA /* Sources */ = {
			isa = PBXSourcesBuildPhase;
			buildActionMask = 2147483647;
			files = (
				A195F7D42C07634C00365DDA /* DemoAppTests.swift in Sources */,
			);
			runOnlyForDeploymentPostprocessing = 0;
		};
		A195F7D52C07634C00365DDA /* Sources */ = {
			isa = PBXSourcesBuildPhase;
			buildActionMask = 2147483647;
			files = (
				A195F7DE2C07634C00365DDA /* DemoAppUITests.swift in Sources */,
				A195F7E02C07634C00365DDA /* DemoAppUITestsLaunchTests.swift in Sources */,
			);
			runOnlyForDeploymentPostprocessing = 0;
		};
/* End PBXSourcesBuildPhase section */

/* Begin PBXTargetDependency section */
		A195F7D12C07634C00365DDA /* PBXTargetDependency */ = {
			isa = PBXTargetDependency;
			target = A195F7B82C07634A00365DDA /* DemoApp */;
			targetProxy = A195F7D02C07634C00365DDA /* PBXContainerItemProxy */;
		};
		A195F7DB2C07634C00365DDA /* PBXTargetDependency */ = {
			isa = PBXTargetDependency;
			target = A195F7B82C07634A00365DDA /* DemoApp */;
			targetProxy = A195F7DA2C07634C00365DDA /* PBXContainerItemProxy */;
		};
/* End PBXTargetDependency section */

/* Begin PBXVariantGroup section */
		A195F7C22C07634B00365DDA /* Main.storyboard */ = {
			isa = PBXVariantGroup;
			children = (
				A195F7C32C07634B00365DDA /* Base */,
			);
			name = Main.storyboard;
			sourceTree = "<group>";
		};
		A195F7C72C07634C00365DDA /* LaunchScreen.storyboard */ = {
			isa = PBXVariantGroup;
			children = (
				A195F7C82C07634C00365DDA /* Base */,
			);
			name = LaunchScreen.storyboard;
			sourceTree = "<group>";
		};
/* End PBXVariantGroup section */

/* Begin XCBuildConfiguration section */
		A195F7E12C07634C00365DDA /* Debug */ = {
			isa = XCBuildConfiguration;
			buildSettings = {
				ALWAYS_SEARCH_USER_PATHS = NO;
				ASSETCATALOG_COMPILER_GENERATE_SWIFT_ASSET_SYMBOL_EXTENSIONS = YES;
				CLANG_ANALYZER_NONNULL = YES;
				CLANG_ANALYZER_NUMBER_OBJECT_CONVERSION = YES_AGGRESSIVE;
				CLANG_CXX_LANGUAGE_STANDARD = "gnu++20";
				CLANG_ENABLE_MODULES = YES;
				CLANG_ENABLE_OBJC_ARC = YES;
				CLANG_ENABLE_OBJC_WEAK = YES;
				CLANG_WARN_BLOCK_CAPTURE_AUTORELEASING = YES;
				CLANG_WARN_BOOL_CONVERSION = YES;
				CLANG_WARN_COMMA = YES;
				CLANG_WARN_CONSTANT_CONVERSION = YES;
				CLANG_WARN_DEPRECATED_OBJC_IMPLEMENTATIONS = YES;
				CLANG_WARN_DIRECT_OBJC_ISA_USAGE = YES_ERROR;
				CLANG_WARN_DOCUMENTATION_COMMENTS = YES;
				CLANG_WARN_EMPTY_BODY = YES;
				CLANG_WARN_ENUM_CONVERSION = YES;
				CLANG_WARN_INFINITE_RECURSION = YES;
				CLANG_WARN_INT_CONVERSION = YES;
				CLANG_WARN_NON_LITERAL_NULL_CONVERSION = YES;
				CLANG_WARN_OBJC_IMPLICIT_RETAIN_SELF = YES;
				CLANG_WARN_OBJC_LITERAL_CONVERSION = YES;
				CLANG_WARN_OBJC_ROOT_CLASS = YES_ERROR;
				CLANG_WARN_QUOTED_INCLUDE_IN_FRAMEWORK_HEADER = YES;
				CLANG_WARN_RANGE_LOOP_ANALYSIS = YES;
				CLANG_WARN_STRICT_PROTOTYPES = YES;
				CLANG_WARN_SUSPICIOUS_MOVE = YES;
				CLANG_WARN_UNGUARDED_AVAILABILITY = YES_AGGRESSIVE;
				CLANG_WARN_UNREACHABLE_CODE = YES;
				CLANG_WARN__DUPLICATE_METHOD_MATCH = YES;
				COPY_PHASE_STRIP = NO;
				DEBUG_INFORMATION_FORMAT = dwarf;
				ENABLE_STRICT_OBJC_MSGSEND = YES;
				ENABLE_TESTABILITY = YES;
				ENABLE_USER_SCRIPT_SANDBOXING = YES;
				GCC_C_LANGUAGE_STANDARD = gnu17;
				GCC_DYNAMIC_NO_PIC = NO;
				GCC_NO_COMMON_BLOCKS = YES;
				GCC_OPTIMIZATION_LEVEL = 0;
				GCC_PREPROCESSOR_DEFINITIONS = (
					"DEBUG=1",
					"$(inherited)",
				);
				GCC_WARN_64_TO_32_BIT_CONVERSION = YES;
				GCC_WARN_ABOUT_RETURN_TYPE = YES_ERROR;
				GCC_WARN_UNDECLARED_SELECTOR = YES;
				GCC_WARN_UNINITIALIZED_AUTOS = YES_AGGRESSIVE;
				GCC_WARN_UNUSED_FUNCTION = YES;
				GCC_WARN_UNUSED_VARIABLE = YES;
				IPHONEOS_DEPLOYMENT_TARGET = 17.0;
				LOCALIZATION_PREFERS_STRING_CATALOGS = YES;
				MTL_ENABLE_DEBUG_INFO = INCLUDE_SOURCE;
				MTL_FAST_MATH = YES;
				ONLY_ACTIVE_ARCH = YES;
				SDKROOT = iphoneos;
				SWIFT_ACTIVE_COMPILATION_CONDITIONS = "DEBUG $(inherited)";
				SWIFT_OPTIMIZATION_LEVEL = "-Onone";
			};
			name = Debug;
		};
		A195F7E22C07634C00365DDA /* Release */ = {
			isa = XCBuildConfiguration;
			buildSettings = {
				ALWAYS_SEARCH_USER_PATHS = NO;
				ASSETCATALOG_COMPILER_GENERATE_SWIFT_ASSET_SYMBOL_EXTENSIONS = YES;
				CLANG_ANALYZER_NONNULL = YES;
				CLANG_ANALYZER_NUMBER_OBJECT_CONVERSION = YES_AGGRESSIVE;
				CLANG_CXX_LANGUAGE_STANDARD = "gnu++20";
				CLANG_ENABLE_MODULES = YES;
				CLANG_ENABLE_OBJC_ARC = YES;
				CLANG_ENABLE_OBJC_WEAK = YES;
				CLANG_WARN_BLOCK_CAPTURE_AUTORELEASING = YES;
				CLANG_WARN_BOOL_CONVERSION = YES;
				CLANG_WARN_COMMA = YES;
				CLANG_WARN_CONSTANT_CONVERSION = YES;
				CLANG_WARN_DEPRECATED_OBJC_IMPLEMENTATIONS = YES;
				CLANG_WARN_DIRECT_OBJC_ISA_USAGE = YES_ERROR;
				CLANG_WARN_DOCUMENTATION_COMMENTS = YES;
				CLANG_WARN_EMPTY_BODY = YES;
				CLANG_WARN_ENUM_CONVERSION = YES;
				CLANG_WARN_INFINITE_RECURSION = YES;
				CLANG_WARN_INT_CONVERSION = YES;
				CLANG_WARN_NON_LITERAL_NULL_CONVERSION = YES;
				CLANG_WARN_OBJC_IMPLICIT_RETAIN_SELF = YES;
				CLANG_WARN_OBJC_LITERAL_CONVERSION = YES;
				CLANG_WARN_OBJC_ROOT_CLASS = YES_ERROR;
				CLANG_WARN_QUOTED_INCLUDE_IN_FRAMEWORK_HEADER = YES;
				CLANG_WARN_RANGE_LOOP_ANALYSIS = YES;
				CLANG_WARN_STRICT_PROTOTYPES = YES;
				CLANG_WARN_SUSPICIOUS_MOVE = YES;
				CLANG_WARN_UNGUARDED_AVAILABILITY = YES_AGGRESSIVE;
				CLANG_WARN_UNREACHABLE_CODE = YES;
				CLANG_WARN__DUPLICATE_METHOD_MATCH = YES;
				COPY_PHASE_STRIP = NO;
				DEBUG_INFORMATION_FORMAT = "dwarf-with-dsym";
				ENABLE_NS_ASSERTIONS = NO;
				ENABLE_STRICT_OBJC_MSGSEND = YES;
				ENABLE_USER_SCRIPT_SANDBOXING = YES;
				GCC_C_LANGUAGE_STANDARD = gnu17;
				GCC_NO_COMMON_BLOCKS = YES;
				GCC_WARN_64_TO_32_BIT_CONVERSION = YES;
				GCC_WARN_ABOUT_RETURN_TYPE = YES_ERROR;
				GCC_WARN_UNDECLARED_SELECTOR = YES;
				GCC_WARN_UNINITIALIZED_AUTOS = YES_AGGRESSIVE;
				GCC_WARN_UNUSED_FUNCTION = YES;
				GCC_WARN_UNUSED_VARIABLE = YES;
				IPHONEOS_DEPLOYMENT_TARGET = 17.0;
				LOCALIZATION_PREFERS_STRING_CATALOGS = YES;
				MTL_ENABLE_DEBUG_INFO = NO;
				MTL_FAST_MATH = YES;
				SDKROOT = iphoneos;
				SWIFT_COMPILATION_MODE = wholemodule;
				VALIDATE_PRODUCT = YES;
			};
			name = Release;
		};
		A195F7E42C07634C00365DDA /* Debug */ = {
			isa = XCBuildConfiguration;
			buildSettings = {
				ASSETCATALOG_COMPILER_APPICON_NAME = AppIcon;
				ASSETCATALOG_COMPILER_GLOBAL_ACCENT_COLOR_NAME = AccentColor;
				CODE_SIGN_STYLE = Automatic;
				CURRENT_PROJECT_VERSION = 1;
				GENERATE_INFOPLIST_FILE = YES;
				INFOPLIST_FILE = DemoApp/Info.plist;
				INFOPLIST_KEY_UIApplicationSupportsIndirectInputEvents = YES;
				INFOPLIST_KEY_UILaunchStoryboardName = LaunchScreen;
				INFOPLIST_KEY_UIMainStoryboardFile = Main;
				INFOPLIST_KEY_UISupportedInterfaceOrientations_iPad = "UIInterfaceOrientationPortrait UIInterfaceOrientationPortraitUpsideDown UIInterfaceOrientationLandscapeLeft UIInterfaceOrientationLandscapeRight";
				INFOPLIST_KEY_UISupportedInterfaceOrientations_iPhone = "UIInterfaceOrientationPortrait UIInterfaceOrientationLandscapeLeft UIInterfaceOrientationLandscapeRight";
				LD_RUNPATH_SEARCH_PATHS = (
					"$(inherited)",
					"@executable_path/Frameworks",
				);
				MARKETING_VERSION = 1.0;
				PRODUCT_BUNDLE_IDENTIFIER = com.test.app.DemoApp;
				PRODUCT_NAME = "$(TARGET_NAME)";
				SWIFT_EMIT_LOC_STRINGS = YES;
				SWIFT_VERSION = 5.0;
				TARGETED_DEVICE_FAMILY = "1,2";
			};
			name = Debug;
		};
		A195F7E52C07634C00365DDA /* Release */ = {
			isa = XCBuildConfiguration;
			buildSettings = {
				ASSETCATALOG_COMPILER_APPICON_NAME = AppIcon;
				ASSETCATALOG_COMPILER_GLOBAL_ACCENT_COLOR_NAME = AccentColor;
				CODE_SIGN_STYLE = Automatic;
				CURRENT_PROJECT_VERSION = 1;
				GENERATE_INFOPLIST_FILE = YES;
				INFOPLIST_FILE = DemoApp/Info.plist;
				INFOPLIST_KEY_UIApplicationSupportsIndirectInputEvents = YES;
				INFOPLIST_KEY_UILaunchStoryboardName = LaunchScreen;
				INFOPLIST_KEY_UIMainStoryboardFile = Main;
				INFOPLIST_KEY_UISupportedInterfaceOrientations_iPad = "UIInterfaceOrientationPortrait UIInterfaceOrientationPortraitUpsideDown UIInterfaceOrientationLandscapeLeft UIInterfaceOrientationLandscapeRight";
				INFOPLIST_KEY_UISupportedInterfaceOrientations_iPhone = "UIInterfaceOrientationPortrait UIInterfaceOrientationLandscapeLeft UIInterfaceOrientationLandscapeRight";
				LD_RUNPATH_SEARCH_PATHS = (
					"$(inherited)",
					"@executable_path/Frameworks",
				);
				MARKETING_VERSION = 1.0;
				PRODUCT_BUNDLE_IDENTIFIER = com.test.app.DemoApp;
				PRODUCT_NAME = "$(TARGET_NAME)";
				SWIFT_EMIT_LOC_STRINGS = YES;
				SWIFT_VERSION = 5.0;
				TARGETED_DEVICE_FAMILY = "1,2";
			};
			name = Release;
		};
		A195F7E72C07634C00365DDA /* Debug */ = {
			isa = XCBuildConfiguration;
			buildSettings = {
				ALWAYS_EMBED_SWIFT_STANDARD_LIBRARIES = YES;
				BUNDLE_LOADER = "$(TEST_HOST)";
				CODE_SIGN_STYLE = Automatic;
				CURRENT_PROJECT_VERSION = 1;
				GENERATE_INFOPLIST_FILE = YES;
				IPHONEOS_DEPLOYMENT_TARGET = 17.0;
				MARKETING_VERSION = 1.0;
				PRODUCT_BUNDLE_IDENTIFIER = com.test.app.DemoAppTests;
				PRODUCT_NAME = "$(TARGET_NAME)";
				SWIFT_EMIT_LOC_STRINGS = NO;
				SWIFT_VERSION = 5.0;
				TARGETED_DEVICE_FAMILY = "1,2";
				TEST_HOST = "$(BUILT_PRODUCTS_DIR)/DemoApp.app/$(BUNDLE_EXECUTABLE_FOLDER_PATH)/DemoApp";
			};
			name = Debug;
		};
		A195F7E82C07634C00365DDA /* Release */ = {
			isa = XCBuildConfiguration;
			buildSettings = {
				ALWAYS_EMBED_SWIFT_STANDARD_LIBRARIES = YES;
				BUNDLE_LOADER = "$(TEST_HOST)";
				CODE_SIGN_STYLE = Automatic;
				CURRENT_PROJECT_VERSION = 1;
				GENERATE_INFOPLIST_FILE = YES;
				IPHONEOS_DEPLOYMENT_TARGET = 17.0;
				MARKETING_VERSION = 1.0;
				PRODUCT_BUNDLE_IDENTIFIER = com.test.app.DemoAppTests;
				PRODUCT_NAME = "$(TARGET_NAME)";
				SWIFT_EMIT_LOC_STRINGS = NO;
				SWIFT_VERSION = 5.0;
				TARGETED_DEVICE_FAMILY = "1,2";
				TEST_HOST = "$(BUILT_PRODUCTS_DIR)/DemoApp.app/$(BUNDLE_EXECUTABLE_FOLDER_PATH)/DemoApp";
			};
			name = Release;
		};
		A195F7EA2C07634C00365DDA /* Debug */ = {
			isa = XCBuildConfiguration;
			buildSettings = {
				ALWAYS_EMBED_SWIFT_STANDARD_LIBRARIES = YES;
				CODE_SIGN_STYLE = Automatic;
				CURRENT_PROJECT_VERSION = 1;
				GENERATE_INFOPLIST_FILE = YES;
				MARKETING_VERSION = 1.0;
				PRODUCT_BUNDLE_IDENTIFIER = com.test.app.DemoAppUITests;
				PRODUCT_NAME = "$(TARGET_NAME)";
				SWIFT_EMIT_LOC_STRINGS = NO;
				SWIFT_VERSION = 5.0;
				TARGETED_DEVICE_FAMILY = "1,2";
				TEST_TARGET_NAME = DemoApp;
			};
			name = Debug;
		};
		A195F7EB2C07634C00365DDA /* Release */ = {
			isa = XCBuildConfiguration;
			buildSettings = {
				ALWAYS_EMBED_SWIFT_STANDARD_LIBRARIES = YES;
				CODE_SIGN_STYLE = Automatic;
				CURRENT_PROJECT_VERSION = 1;
				GENERATE_INFOPLIST_FILE = YES;
				MARKETING_VERSION = 1.0;
				PRODUCT_BUNDLE_IDENTIFIER = com.test.app.DemoAppUITests;
				PRODUCT_NAME = "$(TARGET_NAME)";
				SWIFT_EMIT_LOC_STRINGS = NO;
				SWIFT_VERSION = 5.0;
				TARGETED_DEVICE_FAMILY = "1,2";
				TEST_TARGET_NAME = DemoApp;
			};
			name = Release;
		};
/* End XCBuildConfiguration section */

/* Begin XCConfigurationList section */
		A195F7B42C07634A00365DDA /* Build configuration list for PBXProject "DemoApp" */ = {
			isa = XCConfigurationList;
			buildConfigurations = (
				A195F7E12C07634C00365DDA /* Debug */,
				A195F7E22C07634C00365DDA /* Release */,
			);
			defaultConfigurationIsVisible = 0;
			defaultConfigurationName = Release;
		};
		A195F7E32C07634C00365DDA /* Build configuration list for PBXNativeTarget "DemoApp" */ = {
			isa = XCConfigurationList;
			buildConfigurations = (
				A195F7E42C07634C00365DDA /* Debug */,
				A195F7E52C07634C00365DDA /* Release */,
			);
			defaultConfigurationIsVisible = 0;
			defaultConfigurationName = Release;
		};
		A195F7E62C07634C00365DDA /* Build configuration list for PBXNativeTarget "DemoAppTests" */ = {
			isa = XCConfigurationList;
			buildConfigurations = (
				A195F7E72C07634C00365DDA /* Debug */,
				A195F7E82C07634C00365DDA /* Release */,
			);
			defaultConfigurationIsVisible = 0;
			defaultConfigurationName = Release;
		};
		A195F7E92C07634C00365DDA /* Build configuration list for PBXNativeTarget "DemoAppUITests" */ = {
			isa = XCConfigurationList;
			buildConfigurations = (
				A195F7EA2C07634C00365DDA /* Debug */,
				A195F7EB2C07634C00365DDA /* Release */,
			);
			defaultConfigurationIsVisible = 0;
			defaultConfigurationName = Release;
		};
/* End XCConfigurationList section */
	};
	rootObject = A195F7B12C07634A00365DDA /* Project object */;
}
